
Microsoft Visual Studio Solution File, Format Version 12.00
# Visual Studio Version 17
VisualStudioVersion = 17.14.36518.9
MinimumVisualStudioVersion = 10.0.40219.1
Project("{FAE04EC0-301F-11D3-BF4B-00C04F79EFBC}") = "Ufw.Web", "Ufw.Web\Ufw.Web.csproj", "{1C322DEC-2D95-B8CB-AC46-BFD10F170734}"
EndProject
Project("{2150E333-8FDC-42A3-9474-1A3956D46DE8}") = "Solution Items", "Solution Items", "{8EC462FD-D22E-90A8-E5CE-7E832BA40C5D}"
	ProjectSection(SolutionItems) = preProject
		..\.editorconfig = ..\.editorconfig
		Directory.Build.props = Directory.Build.props
	EndProjectSection
EndProject
Project("{FAE04EC0-301F-11D3-BF4B-00C04F79EFBC}") = "Ufw.Web.Tests", "Ufw.Web.Tests\Ufw.Web.Tests.csproj", "{464665B2-93AD-4D92-8398-F9644DC5421E}"
EndProject
Project("{FAE04EC0-301F-11D3-BF4B-00C04F79EFBC}") = "Ufw.Systemd", "Ufw.Systemd\Ufw.Systemd.csproj", "{2B3104ED-F3D6-426E-A871-1FA3A6C29394}"
EndProject
Project("{FAE04EC0-301F-11D3-BF4B-00C04F79EFBC}") = "Ufw.Pipes.Shared", "Ufw.Pipes.Shared\Ufw.Pipes.Shared.csproj", "{D6D5DE46-5E6E-4CCD-8BA4-CFE459F570CD}"
EndProject
Project("{FAE04EC0-301F-11D3-BF4B-00C04F79EFBC}") = "Ufw.Pipes.Client", "Ufw.Pipes.Client\Ufw.Pipes.Client.csproj", "{97308407-E472-4B30-8CA5-6AC7014FA4A3}"
EndProject
Project("{FAE04EC0-301F-11D3-BF4B-00C04F79EFBC}") = "Ufw.Roslyn", "Ufw.Roslyn\Ufw.Roslyn.csproj", "{1E241F25-A369-4EAE-9BE5-1BE95C2E98A9}"
EndProject
Project("{FAE04EC0-301F-11D3-BF4B-00C04F79EFBC}") = "Ufw.Roslyn.SourceGen", "Ufw.Roslyn.SourceGen\Ufw.Roslyn.SourceGen.csproj", "{0D42DDEA-5F5D-47C9-A86F-F71F5A6A8860}"
EndProject
Global
	GlobalSection(SolutionConfigurationPlatforms) = preSolution
		Debug|Any CPU = Debug|Any CPU
		Debug|x64 = Debug|x64
		Debug|x86 = Debug|x86
		Release|Any CPU = Release|Any CPU
		Release|x64 = Release|x64
		Release|x86 = Release|x86
	EndGlobalSection
	GlobalSection(ProjectConfigurationPlatforms) = postSolution
		{1C322DEC-2D95-B8CB-AC46-BFD10F170734}.Debug|Any CPU.ActiveCfg = Debug|Any CPU
		{1C322DEC-2D95-B8CB-AC46-BFD10F170734}.Debug|Any CPU.Build.0 = Debug|Any CPU
		{1C322DEC-2D95-B8CB-AC46-BFD10F170734}.Debug|x64.ActiveCfg = Debug|Any CPU
		{1C322DEC-2D95-B8CB-AC46-BFD10F170734}.Debug|x64.Build.0 = Debug|Any CPU
		{1C322DEC-2D95-B8CB-AC46-BFD10F170734}.Debug|x86.ActiveCfg = Debug|Any CPU
		{1C322DEC-2D95-B8CB-AC46-BFD10F170734}.Debug|x86.Build.0 = Debug|Any CPU
		{1C322DEC-2D95-B8CB-AC46-BFD10F170734}.Release|Any CPU.ActiveCfg = Release|Any CPU
		{1C322DEC-2D95-B8CB-AC46-BFD10F170734}.Release|Any CPU.Build.0 = Release|Any CPU
		{1C322DEC-2D95-B8CB-AC46-BFD10F170734}.Release|x64.ActiveCfg = Release|Any CPU
		{1C322DEC-2D95-B8CB-AC46-BFD10F170734}.Release|x64.Build.0 = Release|Any CPU
		{1C322DEC-2D95-B8CB-AC46-BFD10F170734}.Release|x86.ActiveCfg = Release|Any CPU
		{1C322DEC-2D95-B8CB-AC46-BFD10F170734}.Release|x86.Build.0 = Release|Any CPU
		{464665B2-93AD-4D92-8398-F9644DC5421E}.Debug|Any CPU.ActiveCfg = Debug|Any CPU
		{464665B2-93AD-4D92-8398-F9644DC5421E}.Debug|Any CPU.Build.0 = Debug|Any CPU
		{464665B2-93AD-4D92-8398-F9644DC5421E}.Debug|x64.ActiveCfg = Debug|Any CPU
		{464665B2-93AD-4D92-8398-F9644DC5421E}.Debug|x64.Build.0 = Debug|Any CPU
		{464665B2-93AD-4D92-8398-F9644DC5421E}.Debug|x86.ActiveCfg = Debug|Any CPU
		{464665B2-93AD-4D92-8398-F9644DC5421E}.Debug|x86.Build.0 = Debug|Any CPU
		{464665B2-93AD-4D92-8398-F9644DC5421E}.Release|Any CPU.ActiveCfg = Release|Any CPU
		{464665B2-93AD-4D92-8398-F9644DC5421E}.Release|Any CPU.Build.0 = Release|Any CPU
		{464665B2-93AD-4D92-8398-F9644DC5421E}.Release|x64.ActiveCfg = Release|Any CPU
		{464665B2-93AD-4D92-8398-F9644DC5421E}.Release|x64.Build.0 = Release|Any CPU
		{464665B2-93AD-4D92-8398-F9644DC5421E}.Release|x86.ActiveCfg = Release|Any CPU
		{464665B2-93AD-4D92-8398-F9644DC5421E}.Release|x86.Build.0 = Release|Any CPU
		{2B3104ED-F3D6-426E-A871-1FA3A6C29394}.Debug|Any CPU.ActiveCfg = Debug|Any CPU
		{2B3104ED-F3D6-426E-A871-1FA3A6C29394}.Debug|Any CPU.Build.0 = Debug|Any CPU
		{2B3104ED-F3D6-426E-A871-1FA3A6C29394}.Debug|x64.ActiveCfg = Debug|Any CPU
		{2B3104ED-F3D6-426E-A871-1FA3A6C29394}.Debug|x64.Build.0 = Debug|Any CPU
		{2B3104ED-F3D6-426E-A871-1FA3A6C29394}.Debug|x86.ActiveCfg = Debug|Any CPU
		{2B3104ED-F3D6-426E-A871-1FA3A6C29394}.Debug|x86.Build.0 = Debug|Any CPU
		{2B3104ED-F3D6-426E-A871-1FA3A6C29394}.Release|Any CPU.ActiveCfg = Release|Any CPU
		{2B3104ED-F3D6-426E-A871-1FA3A6C29394}.Release|Any CPU.Build.0 = Release|Any CPU
		{2B3104ED-F3D6-426E-A871-1FA3A6C29394}.Release|x64.ActiveCfg = Release|Any CPU
		{2B3104ED-F3D6-426E-A871-1FA3A6C29394}.Release|x64.Build.0 = Release|Any CPU
		{2B3104ED-F3D6-426E-A871-1FA3A6C29394}.Release|x86.ActiveCfg = Release|Any CPU
		{2B3104ED-F3D6-426E-A871-1FA3A6C29394}.Release|x86.Build.0 = Release|Any CPU
		{D6D5DE46-5E6E-4CCD-8BA4-CFE459F570CD}.Debug|Any CPU.ActiveCfg = Debug|Any CPU
		{D6D5DE46-5E6E-4CCD-8BA4-CFE459F570CD}.Debug|Any CPU.Build.0 = Debug|Any CPU
		{D6D5DE46-5E6E-4CCD-8BA4-CFE459F570CD}.Debug|x64.ActiveCfg = Debug|Any CPU
		{D6D5DE46-5E6E-4CCD-8BA4-CFE459F570CD}.Debug|x64.Build.0 = Debug|Any CPU
		{D6D5DE46-5E6E-4CCD-8BA4-CFE459F570CD}.Debug|x86.ActiveCfg = Debug|Any CPU
		{D6D5DE46-5E6E-4CCD-8BA4-CFE459F570CD}.Debug|x86.Build.0 = Debug|Any CPU
		{D6D5DE46-5E6E-4CCD-8BA4-CFE459F570CD}.Release|Any CPU.ActiveCfg = Release|Any CPU
		{D6D5DE46-5E6E-4CCD-8BA4-CFE459F570CD}.Release|Any CPU.Build.0 = Release|Any CPU
		{D6D5DE46-5E6E-4CCD-8BA4-CFE459F570CD}.Release|x64.ActiveCfg = Release|Any CPU
		{D6D5DE46-5E6E-4CCD-8BA4-CFE459F570CD}.Release|x64.Build.0 = Release|Any CPU
		{D6D5DE46-5E6E-4CCD-8BA4-CFE459F570CD}.Release|x86.ActiveCfg = Release|Any CPU
		{D6D5DE46-5E6E-4CCD-8BA4-CFE459F570CD}.Release|x86.Build.0 = Release|Any CPU
		{97308407-E472-4B30-8CA5-6AC7014FA4A3}.Debug|Any CPU.ActiveCfg = Debug|Any CPU
		{97308407-E472-4B30-8CA5-6AC7014FA4A3}.Debug|Any CPU.Build.0 = Debug|Any CPU
		{97308407-E472-4B30-8CA5-6AC7014FA4A3}.Debug|x64.ActiveCfg = Debug|Any CPU
		{97308407-E472-4B30-8CA5-6AC7014FA4A3}.Debug|x64.Build.0 = Debug|Any CPU
		{97308407-E472-4B30-8CA5-6AC7014FA4A3}.Debug|x86.ActiveCfg = Debug|Any CPU
		{97308407-E472-4B30-8CA5-6AC7014FA4A3}.Debug|x86.Build.0 = Debug|Any CPU
		{97308407-E472-4B30-8CA5-6AC7014FA4A3}.Release|Any CPU.ActiveCfg = Release|Any CPU
		{97308407-E472-4B30-8CA5-6AC7014FA4A3}.Release|Any CPU.Build.0 = Release|Any CPU
		{97308407-E472-4B30-8CA5-6AC7014FA4A3}.Release|x64.ActiveCfg = Release|Any CPU
		{97308407-E472-4B30-8CA5-6AC7014FA4A3}.Release|x64.Build.0 = Release|Any CPU
		{97308407-E472-4B30-8CA5-6AC7014FA4A3}.Release|x86.ActiveCfg = Release|Any CPU
		{97308407-E472-4B30-8CA5-6AC7014FA4A3}.Release|x86.Build.0 = Release|Any CPU
		{1E241F25-A369-4EAE-9BE5-1BE95C2E98A9}.Debug|Any CPU.ActiveCfg = Debug|Any CPU
		{1E241F25-A369-4EAE-9BE5-1BE95C2E98A9}.Debug|Any CPU.Build.0 = Debug|Any CPU
		{1E241F25-A369-4EAE-9BE5-1BE95C2E98A9}.Debug|x64.ActiveCfg = Debug|Any CPU
		{1E241F25-A369-4EAE-9BE5-1BE95C2E98A9}.Debug|x64.Build.0 = Debug|Any CPU
		{1E241F25-A369-4EAE-9BE5-1BE95C2E98A9}.Debug|x86.ActiveCfg = Debug|Any CPU
		{1E241F25-A369-4EAE-9BE5-1BE95C2E98A9}.Debug|x86.Build.0 = Debug|Any CPU
		{1E241F25-A369-4EAE-9BE5-1BE95C2E98A9}.Release|Any CPU.ActiveCfg = Release|Any CPU
		{1E241F25-A369-4EAE-9BE5-1BE95C2E98A9}.Release|Any CPU.Build.0 = Release|Any CPU
		{1E241F25-A369-4EAE-9BE5-1BE95C2E98A9}.Release|x64.ActiveCfg = Release|Any CPU
		{1E241F25-A369-4EAE-9BE5-1BE95C2E98A9}.Release|x64.Build.0 = Release|Any CPU
		{1E241F25-A369-4EAE-9BE5-1BE95C2E98A9}.Release|x86.ActiveCfg = Release|Any CPU
		{1E241F25-A369-4EAE-9BE5-1BE95C2E98A9}.Release|x86.Build.0 = Release|Any CPU
		{0D42DDEA-5F5D-47C9-A86F-F71F5A6A8860}.Debug|Any CPU.ActiveCfg = Debug|Any CPU
		{0D42DDEA-5F5D-47C9-A86F-F71F5A6A8860}.Debug|Any CPU.Build.0 = Debug|Any CPU
		{0D42DDEA-5F5D-47C9-A86F-F71F5A6A8860}.Debug|x64.ActiveCfg = Debug|Any CPU
		{0D42DDEA-5F5D-47C9-A86F-F71F5A6A8860}.Debug|x64.Build.0 = Debug|Any CPU
		{0D42DDEA-5F5D-47C9-A86F-F71F5A6A8860}.Debug|x86.ActiveCfg = Debug|Any CPU
		{0D42DDEA-5F5D-47C9-A86F-F71F5A6A8860}.Debug|x86.Build.0 = Debug|Any CPU
		{0D42DDEA-5F5D-47C9-A86F-F71F5A6A8860}.Release|Any CPU.ActiveCfg = Release|Any CPU
		{0D42DDEA-5F5D-47C9-A86F-F71F5A6A8860}.Release|Any CPU.Build.0 = Release|Any CPU
		{0D42DDEA-5F5D-47C9-A86F-F71F5A6A8860}.Release|x64.ActiveCfg = Release|Any CPU
		{0D42DDEA-5F5D-47C9-A86F-F71F5A6A8860}.Release|x64.Build.0 = Release|Any CPU
		{0D42DDEA-5F5D-47C9-A86F-F71F5A6A8860}.Release|x86.ActiveCfg = Release|Any CPU
		{0D42DDEA-5F5D-47C9-A86F-F71F5A6A8860}.Release|x86.Build.0 = Release|Any CPU
	EndGlobalSection
	GlobalSection(SolutionProperties) = preSolution
		HideSolutionNode = FALSE
	EndGlobalSection
	GlobalSection(ExtensibilityGlobals) = postSolution
		SolutionGuid = {74A0DEBE-0AF5-493F-9034-E92253C2702F}
	EndGlobalSection
EndGlobal
